
Microsoft Visual Studio Solution File, Format Version 12.00
# Visual Studio Version 16
VisualStudioVersion = 16.0.33801.447
MinimumVisualStudioVersion = 10.0.40219.1
Project("{8BC9CEB8-8B4A-11D0-8D11-00A0C91BC942}") = "230608", "230608\230608.vcxproj", "{0493DC5E-7C49-4D49-90C1-5C60D27EAE60}"
EndProject
Global
	GlobalSection(SolutionConfigurationPlatforms) = preSolution
		Debug|x64 = Debug|x64
		Debug|x86 = Debug|x86
		Release|x64 = Release|x64
		Release|x86 = Release|x86
	EndGlobalSection
	GlobalSection(ProjectConfigurationPlatforms) = postSolution
		{0493DC5E-7C49-4D49-90C1-5C60D27EAE60}.Debug|x64.ActiveCfg = Debug|x64
		{0493DC5E-7C49-4D49-90C1-5C60D27EAE60}.Debug|x64.Build.0 = Debug|x64
		{0493DC5E-7C49-4D49-90C1-5C60D27EAE60}.Debug|x86.ActiveCfg = Debug|Win32
		{0493DC5E-7C49-4D49-90C1-5C60D27EAE60}.Debug|x86.Build.0 = Debug|Win32
		{0493DC5E-7C49-4D49-90C1-5C60D27EAE60}.Release|x64.ActiveCfg = Release|x64
		{0493DC5E-7C49-4D49-90C1-5C60D27EAE60}.Release|x64.Build.0 = Release|x64
		{0493DC5E-7C49-4D49-90C1-5C60D27EAE60}.Release|x86.ActiveCfg = Release|Win32
		{0493DC5E-7C49-4D49-90C1-5C60D27EAE60}.Release|x86.Build.0 = Release|Win32
	EndGlobalSection
	GlobalSection(SolutionProperties) = preSolution
		HideSolutionNode = FALSE
	EndGlobalSection
	GlobalSection(ExtensibilityGlobals) = postSolution
		SolutionGuid = {7BA37F65-5EF8-4D94-9929-67D6F18DED16}
	EndGlobalSection
EndGlobal
